{
  "name": "eth-json-rpc-in3",
  "version": "0.1.0",
  "lockfileVersion": 1,
  "requires": true,
  "dependencies": {
    "async": {
      "version": "2.6.3",
      "resolved": "https://registry.npmjs.org/async/-/async-2.6.3.tgz",
      "integrity": "sha512-zflvls11DCy+dQWzTW2dzuilv8Z5X/pjfmZOWba6TNIVDm+2UDaJmXSOXlasHKfNBs8oo3M0aT50fDEWfKZjXg==",
      "requires": {
        "lodash": "^4.17.14"
      }
    },
    "eth-json-rpc-errors": {
      "version": "2.0.0",
      "resolved": "https://registry.npmjs.org/eth-json-rpc-errors/-/eth-json-rpc-errors-2.0.0.tgz",
      "integrity": "sha512-casdSTVOxbC3ptfUdclJRvU0Sgmdm/QtezLku8l4iVR5wNFe+KF+tfnlm2I84xxpx7mkyyHeeUxmRkcB5Os6mw==",
      "requires": {
        "fast-safe-stringify": "^2.0.6"
      }
    },
    "events": {
      "version": "3.1.0",
      "resolved": "https://registry.npmjs.org/events/-/events-3.1.0.tgz",
      "integrity": "sha512-Rv+u8MLHNOdMjTAFeT3nCjHn2aGlx435FP/sDHNaRhDEMwyI/aB22Kj2qIN8R0cw3z28psEQLYwxVKLsKrMgWg=="
    },
    "fast-safe-stringify": {
      "version": "2.0.7",
      "resolved": "https://registry.npmjs.org/fast-safe-stringify/-/fast-safe-stringify-2.0.7.tgz",
      "integrity": "sha512-Utm6CdzT+6xsDk2m8S6uL8VHxNwI6Jub+e9NYTcAms28T84pTa25GJQV9j0CY0N1rM8hK4x6grpF2BQf+2qwVA=="
    },
    "is-fn": {
      "version": "1.0.0",
      "resolved": "https://registry.npmjs.org/is-fn/-/is-fn-1.0.0.tgz",
      "integrity": "sha1-lUPV3nvPWwiiLsiiC65uKG1RDYw="
    },
    "json-rpc-engine": {
      "version": "5.1.6",
      "resolved": "https://registry.npmjs.org/json-rpc-engine/-/json-rpc-engine-5.1.6.tgz",
      "integrity": "sha512-9nDeIIu6o7cvzWRrHNuNi+TiGe+YWOp3ZQkHtpPnQzXuX8Y5ZU2Oot3FDI+DaQyXIqQ6SjtM6rixDOJTjjA8NA==",
      "requires": {
        "async": "^2.0.1",
        "eth-json-rpc-errors": "^2.0.0",
        "promise-to-callback": "^1.0.0",
        "safe-event-emitter": "^1.0.1"
      }
    },
    "lodash": {
      "version": "4.17.15",
      "resolved": "https://registry.npmjs.org/lodash/-/lodash-4.17.15.tgz",
      "integrity": "sha512-8xOcRHvCjnocdS5cpwXQXVzmmh5e5+saE2QGoeQmbKmRS6J3VQppPOIt0MnmE+4xlZoumy0GPG0D0MVIQbNA1A=="
    },
    "promise-to-callback": {
      "version": "1.0.0",
      "resolved": "https://registry.npmjs.org/promise-to-callback/-/promise-to-callback-1.0.0.tgz",
      "integrity": "sha1-XSp0kBC/tn2WNZj805YHRqaP7vc=",
      "requires": {
        "is-fn": "^1.0.0",
        "set-immediate-shim": "^1.0.1"
      }
    },
    "safe-event-emitter": {
      "version": "1.0.1",
      "resolved": "https://registry.npmjs.org/safe-event-emitter/-/safe-event-emitter-1.0.1.tgz",
      "integrity": "sha512-e1wFe99A91XYYxoQbcq2ZJUWurxEyP8vfz7A7vuUe1s95q8r5ebraVaA1BukYJcpM6V16ugWoD9vngi8Ccu5fg==",
      "requires": {
        "events": "^3.0.0"
      }
    },
    "set-immediate-shim": {
      "version": "1.0.1",
      "resolved": "https://registry.npmjs.org/set-immediate-shim/-/set-immediate-shim-1.0.1.tgz",
      "integrity": "sha1-SysbJ+uAip+NzEgaWOXlb1mfP2E="
    }
  }
}
