# THIS IS AN AUTOGENERATED FILE. DO NOT EDIT THIS FILE DIRECTLY.
# yarn lockfile v1


async@^2.0.1:
  version "2.6.3"
  resolved "https://registry.yarnpkg.com/async/-/async-2.6.3.tgz#d72625e2344a3656e3a3ad4fa749fa83299d82ff"
  integrity sha512-zflvls11DCy+dQWzTW2dzuilv8Z5X/pjfmZOWba6TNIVDm+2UDaJmXSOXlasHKfNBs8oo3M0aT50fDEWfKZjXg==
  dependencies:
    lodash "^4.17.14"

eth-json-rpc-errors@^2.0.0:
  version "2.0.0"
  resolved "https://registry.yarnpkg.com/eth-json-rpc-errors/-/eth-json-rpc-errors-2.0.0.tgz#bdc19df8b80a820844709193372f0d75fb74fed8"
  integrity sha512-casdSTVOxbC3ptfUdclJRvU0Sgmdm/QtezLku8l4iVR5wNFe+KF+tfnlm2I84xxpx7mkyyHeeUxmRkcB5Os6mw==
  dependencies:
    fast-safe-stringify "^2.0.6"

events@^3.0.0:
  version "3.1.0"
  resolved "https://registry.yarnpkg.com/events/-/events-3.1.0.tgz#84279af1b34cb75aa88bf5ff291f6d0bd9b31a59"
  integrity sha512-Rv+u8MLHNOdMjTAFeT3nCjHn2aGlx435FP/sDHNaRhDEMwyI/aB22Kj2qIN8R0cw3z28psEQLYwxVKLsKrMgWg==

fast-safe-stringify@^2.0.6:
  version "2.0.7"
  resolved "https://registry.yarnpkg.com/fast-safe-stringify/-/fast-safe-stringify-2.0.7.tgz#124aa885899261f68aedb42a7c080de9da608743"
  integrity sha512-Utm6CdzT+6xsDk2m8S6uL8VHxNwI6Jub+e9NYTcAms28T84pTa25GJQV9j0CY0N1rM8hK4x6grpF2BQf+2qwVA==

in3-asmjs@^2.1.0:
  version "2.1.0"
  resolved "https://registry.yarnpkg.com/in3-asmjs/-/in3-asmjs-2.1.0.tgz#9cd04df81043998934274ef9d6414cc952a45697"
  integrity sha512-/f86fnQQNvLufp4fdNpVmbxnVQgrDM016LaFIgdBsFKorY+C5QIgRLzJVGbNkJCR4yJ2c9kWtvYczyaKt4f2rg==

is-fn@^1.0.0:
  version "1.0.0"
  resolved "https://registry.yarnpkg.com/is-fn/-/is-fn-1.0.0.tgz#9543d5de7bcf5b08a22ec8a20bae6e286d510d8c"
  integrity sha1-lUPV3nvPWwiiLsiiC65uKG1RDYw=

json-rpc-engine@^5.1.6:
  version "5.1.6"
  resolved "https://registry.yarnpkg.com/json-rpc-engine/-/json-rpc-engine-5.1.6.tgz#3823c1e227657ac5f22a36351db5bb76fa70cf38"
  integrity sha512-9nDeIIu6o7cvzWRrHNuNi+TiGe+YWOp3ZQkHtpPnQzXuX8Y5ZU2Oot3FDI+DaQyXIqQ6SjtM6rixDOJTjjA8NA==
  dependencies:
    async "^2.0.1"
    eth-json-rpc-errors "^2.0.0"
    promise-to-callback "^1.0.0"
    safe-event-emitter "^1.0.1"

lodash@^4.17.14:
  version "4.17.15"
  resolved "https://registry.yarnpkg.com/lodash/-/lodash-4.17.15.tgz#b447f6670a0455bbfeedd11392eff330ea097548"
  integrity sha512-8xOcRHvCjnocdS5cpwXQXVzmmh5e5+saE2QGoeQmbKmRS6J3VQppPOIt0MnmE+4xlZoumy0GPG0D0MVIQbNA1A==

promise-to-callback@^1.0.0:
  version "1.0.0"
  resolved "https://registry.yarnpkg.com/promise-to-callback/-/promise-to-callback-1.0.0.tgz#5d2a749010bfb67d963598fcd3960746a68feef7"
  integrity sha1-XSp0kBC/tn2WNZj805YHRqaP7vc=
  dependencies:
    is-fn "^1.0.0"
    set-immediate-shim "^1.0.1"

safe-event-emitter@^1.0.1:
  version "1.0.1"
  resolved "https://registry.yarnpkg.com/safe-event-emitter/-/safe-event-emitter-1.0.1.tgz#5b692ef22329ed8f69fdce607e50ca734f6f20af"
  integrity sha512-e1wFe99A91XYYxoQbcq2ZJUWurxEyP8vfz7A7vuUe1s95q8r5ebraVaA1BukYJcpM6V16ugWoD9vngi8Ccu5fg==
  dependencies:
    events "^3.0.0"

set-immediate-shim@^1.0.1:
  version "1.0.1"
  resolved "https://registry.yarnpkg.com/set-immediate-shim/-/set-immediate-shim-1.0.1.tgz#4b2b1b27eb808a9f8dcc481a58e5e56f599f3f61"
  integrity sha1-SysbJ+uAip+NzEgaWOXlb1mfP2E=
